// !$*UTF8*$!
{
	archiveVersion = 1;
	classes = {
	};
	objectVersion = 48;
	objects = {

/* Begin PBXBuildFile section */
		5A220CA8206797F700080299 /* LocationHelper.swift in Sources */ = {isa = PBXBuildFile; fileRef = 5A220CA7206797F700080299 /* LocationHelper.swift */; };
		5A220CAA2067FB4200080299 /* CoreDataHelper.swift in Sources */ = {isa = PBXBuildFile; fileRef = 5A220CA92067FB4200080299 /* CoreDataHelper.swift */; };
		5A361AA02063B8AE006834ED /* AppDelegate.swift in Sources */ = {isa = PBXBuildFile; fileRef = 5A361A9F2063B8AE006834ED /* AppDelegate.swift */; };
		5A361AA52063B8AE006834ED /* Main.storyboard in Resources */ = {isa = PBXBuildFile; fileRef = 5A361AA32063B8AE006834ED /* Main.storyboard */; };
		5A361AA82063B8AE006834ED /* WeatherAppTest.xcdatamodeld in Sources */ = {isa = PBXBuildFile; fileRef = 5A361AA62063B8AE006834ED /* WeatherAppTest.xcdatamodeld */; };
		5A361AAA2063B8AE006834ED /* Assets.xcassets in Resources */ = {isa = PBXBuildFile; fileRef = 5A361AA92063B8AE006834ED /* Assets.xcassets */; };
		5A361AAD2063B8AE006834ED /* LaunchScreen.storyboard in Resources */ = {isa = PBXBuildFile; fileRef = 5A361AAB2063B8AE006834ED /* LaunchScreen.storyboard */; };
		5A361AB52063BB3B006834ED /* TableViewController.swift in Sources */ = {isa = PBXBuildFile; fileRef = 5A361AB42063BB3B006834ED /* TableViewController.swift */; };
		5A41AA792066930F00C3F755 /* ViewController.swift in Sources */ = {isa = PBXBuildFile; fileRef = 5A41AA782066930F00C3F755 /* ViewController.swift */; };
		5AAA0C4720677DD600CEF96E /* ApiHelper.swift in Sources */ = {isa = PBXBuildFile; fileRef = 5AAA0C4620677DD600CEF96E /* ApiHelper.swift */; };
/* End PBXBuildFile section */

/* Begin PBXFileReference section */
		5A220CA7206797F700080299 /* LocationHelper.swift */ = {isa = PBXFileReference; lastKnownFileType = sourcecode.swift; path = LocationHelper.swift; sourceTree = "<group>"; };
		5A220CA92067FB4200080299 /* CoreDataHelper.swift */ = {isa = PBXFileReference; lastKnownFileType = sourcecode.swift; path = CoreDataHelper.swift; sourceTree = "<group>"; };
		5A361A9C2063B8AE006834ED /* WeatherAppTest.app */ = {isa = PBXFileReference; explicitFileType = wrapper.application; includeInIndex = 0; path = WeatherAppTest.app; sourceTree = BUILT_PRODUCTS_DIR; };
		5A361A9F2063B8AE006834ED /* AppDelegate.swift */ = {isa = PBXFileReference; lastKnownFileType = sourcecode.swift; path = AppDelegate.swift; sourceTree = "<group>"; };
		5A361AA42063B8AE006834ED /* Base */ = {isa = PBXFileReference; lastKnownFileType = file.storyboard; name = Base; path = Base.lproj/Main.storyboard; sourceTree = "<group>"; };
		5A361AA72063B8AE006834ED /* WeatherAppTest.xcdatamodel */ = {isa = PBXFileReference; lastKnownFileType = wrapper.xcdatamodel; path = WeatherAppTest.xcdatamodel; sourceTree = "<group>"; };
		5A361AA92063B8AE006834ED /* Assets.xcassets */ = {isa = PBXFileReference; lastKnownFileType = folder.assetcatalog; path = Assets.xcassets; sourceTree = "<group>"; };
		5A361AAC2063B8AE006834ED /* Base */ = {isa = PBXFileReference; lastKnownFileType = file.storyboard; name = Base; path = Base.lproj/LaunchScreen.storyboard; sourceTree = "<group>"; };
		5A361AAE2063B8AE006834ED /* Info.plist */ = {isa = PBXFileReference; lastKnownFileType = text.plist.xml; path = Info.plist; sourceTree = "<group>"; };
		5A361AB42063BB3B006834ED /* TableViewController.swift */ = {isa = PBXFileReference; lastKnownFileType = sourcecode.swift; path = TableViewController.swift; sourceTree = "<group>"; };
		5A41AA7620661B3000C3F755 /* CoreLocation.framework */ = {isa = PBXFileReference; lastKnownFileType = wrapper.framework; name = CoreLocation.framework; path = System/Library/Frameworks/CoreLocation.framework; sourceTree = SDKROOT; };
		5A41AA782066930F00C3F755 /* ViewController.swift */ = {isa = PBXFileReference; lastKnownFileType = sourcecode.swift; path = ViewController.swift; sourceTree = "<group>"; };
		5AAA0C4620677DD600CEF96E /* ApiHelper.swift */ = {isa = PBXFileReference; lastKnownFileType = sourcecode.swift; path = ApiHelper.swift; sourceTree = "<group>"; };
/* End PBXFileReference section */

/* Begin PBXFrameworksBuildPhase section */
		5A361A992063B8AE006834ED /* Frameworks */ = {
			isa = PBXFrameworksBuildPhase;
			buildActionMask = 2147483647;
			files = (
			);
			runOnlyForDeploymentPostprocessing = 0;
		};
/* End PBXFrameworksBuildPhase section */

/* Begin PBXGroup section */
		5A361A932063B8AD006834ED = {
			isa = PBXGroup;
			children = (
				5A361A9E2063B8AE006834ED /* WeatherAppTest */,
				5A361A9D2063B8AE006834ED /* Products */,
				5A41AA7520661B2F00C3F755 /* Frameworks */,
			);
			sourceTree = "<group>";
		};
		5A361A9D2063B8AE006834ED /* Products */ = {
			isa = PBXGroup;
			children = (
				5A361A9C2063B8AE006834ED /* WeatherAppTest.app */,
			);
			name = Products;
			sourceTree = "<group>";
		};
		5A361A9E2063B8AE006834ED /* WeatherAppTest */ = {
			isa = PBXGroup;
			children = (
				5A361A9F2063B8AE006834ED /* AppDelegate.swift */,
				5A361AB42063BB3B006834ED /* TableViewController.swift */,
				5A41AA782066930F00C3F755 /* ViewController.swift */,
				5AAA0C4620677DD600CEF96E /* ApiHelper.swift */,
				5A220CA92067FB4200080299 /* CoreDataHelper.swift */,
				5A220CA7206797F700080299 /* LocationHelper.swift */,
				5A361AA32063B8AE006834ED /* Main.storyboard */,
				5A361AA92063B8AE006834ED /* Assets.xcassets */,
				5A361AAB2063B8AE006834ED /* LaunchScreen.storyboard */,
				5A361AAE2063B8AE006834ED /* Info.plist */,
				5A361AA62063B8AE006834ED /* WeatherAppTest.xcdatamodeld */,
			);
			path = WeatherAppTest;
			sourceTree = "<group>";
		};
		5A41AA7520661B2F00C3F755 /* Frameworks */ = {
			isa = PBXGroup;
			children = (
				5A41AA7620661B3000C3F755 /* CoreLocation.framework */,
			);
			name = Frameworks;
			sourceTree = "<group>";
		};
/* End PBXGroup section */

/* Begin PBXNativeTarget section */
		5A361A9B2063B8AE006834ED /* WeatherAppTest */ = {
			isa = PBXNativeTarget;
			buildConfigurationList = 5A361AB12063B8AE006834ED /* Build configuration list for PBXNativeTarget "WeatherAppTest" */;
			buildPhases = (
				5A361A982063B8AE006834ED /* Sources */,
				5A361A992063B8AE006834ED /* Frameworks */,
				5A361A9A2063B8AE006834ED /* Resources */,
			);
			buildRules = (
			);
			dependencies = (
			);
			name = WeatherAppTest;
			productName = WeatherAppTest;
			productReference = 5A361A9C2063B8AE006834ED /* WeatherAppTest.app */;
			productType = "com.apple.product-type.application";
		};
/* End PBXNativeTarget section */

/* Begin PBXProject section */
		5A361A942063B8AD006834ED /* Project object */ = {
			isa = PBXProject;
			attributes = {
				LastSwiftUpdateCheck = 0920;
				LastUpgradeCheck = 0920;
				ORGANIZATIONNAME = "Stepan Chegrenev";
				TargetAttributes = {
					5A361A9B2063B8AE006834ED = {
						CreatedOnToolsVersion = 9.2;
						ProvisioningStyle = Automatic;
					};
				};
			};
			buildConfigurationList = 5A361A972063B8AD006834ED /* Build configuration list for PBXProject "WeatherAppTest" */;
			compatibilityVersion = "Xcode 8.0";
			developmentRegion = en;
			hasScannedForEncodings = 0;
			knownRegions = (
				en,
				Base,
			);
			mainGroup = 5A361A932063B8AD006834ED;
			productRefGroup = 5A361A9D2063B8AE006834ED /* Products */;
			projectDirPath = "";
			projectRoot = "";
			targets = (
				5A361A9B2063B8AE006834ED /* WeatherAppTest */,
			);
		};
/* End PBXProject section */

/* Begin PBXResourcesBuildPhase section */
		5A361A9A2063B8AE006834ED /* Resources */ = {
			isa = PBXResourcesBuildPhase;
			buildActionMask = 2147483647;
			files = (
				5A361AAD2063B8AE006834ED /* LaunchScreen.storyboard in Resources */,
				5A361AAA2063B8AE006834ED /* Assets.xcassets in Resources */,
				5A361AA52063B8AE006834ED /* Main.storyboard in Resources */,
			);
			runOnlyForDeploymentPostprocessing = 0;
		};
/* End PBXResourcesBuildPhase section */

/* Begin PBXSourcesBuildPhase section */
		5A361A982063B8AE006834ED /* Sources */ = {
			isa = PBXSourcesBuildPhase;
			buildActionMask = 2147483647;
			files = (
				5A220CA8206797F700080299 /* LocationHelper.swift in Sources */,
				5A361AA82063B8AE006834ED /* WeatherAppTest.xcdatamodeld in Sources */,
				5A361AB52063BB3B006834ED /* TableViewController.swift in Sources */,
				5A220CAA2067FB4200080299 /* CoreDataHelper.swift in Sources */,
				5A41AA792066930F00C3F755 /* ViewController.swift in Sources */,
				5A361AA02063B8AE006834ED /* AppDelegate.swift in Sources */,
				5AAA0C4720677DD600CEF96E /* ApiHelper.swift in Sources */,
			);
			runOnlyForDeploymentPostprocessing = 0;
		};
/* End PBXSourcesBuildPhase section */

/* Begin PBXVariantGroup section */
		5A361AA32063B8AE006834ED /* Main.storyboard */ = {
			isa = PBXVariantGroup;
			children = (
				5A361AA42063B8AE006834ED /* Base */,
			);
			name = Main.storyboard;
			sourceTree = "<group>";
		};
		5A361AAB2063B8AE006834ED /* LaunchScreen.storyboard */ = {
			isa = PBXVariantGroup;
			children = (
				5A361AAC2063B8AE006834ED /* Base */,
			);
			name = LaunchScreen.storyboard;
			sourceTree = "<group>";
		};
/* End PBXVariantGroup section */

/* Begin XCBuildConfiguration section */
		5A361AAF2063B8AE006834ED /* Debug */ = {
			isa = XCBuildConfiguration;
			buildSettings = {
				ALWAYS_SEARCH_USER_PATHS = NO;
				CLANG_ANALYZER_NONNULL = YES;
				CLANG_ANALYZER_NUMBER_OBJECT_CONVERSION = YES_AGGRESSIVE;
				CLANG_CXX_LANGUAGE_STANDARD = "gnu++14";
				CLANG_CXX_LIBRARY = "libc++";
				CLANG_ENABLE_MODULES = YES;
				CLANG_ENABLE_OBJC_ARC = YES;
				CLANG_WARN_BLOCK_CAPTURE_AUTORELEASING = YES;
				CLANG_WARN_BOOL_CONVERSION = YES;
				CLANG_WARN_COMMA = YES;
				CLANG_WARN_CONSTANT_CONVERSION = YES;
				CLANG_WARN_DIRECT_OBJC_ISA_USAGE = YES_ERROR;
				CLANG_WARN_DOCUMENTATION_COMMENTS = YES;
				CLANG_WARN_EMPTY_BODY = YES;
				CLANG_WARN_ENUM_CONVERSION = YES;
				CLANG_WARN_INFINITE_RECURSION = YES;
				CLANG_WARN_INT_CONVERSION = YES;
				CLANG_WARN_NON_LITERAL_NULL_CONVERSION = YES;
				CLANG_WARN_OBJC_LITERAL_CONVERSION = YES;
				CLANG_WARN_OBJC_ROOT_CLASS = YES_ERROR;
				CLANG_WARN_RANGE_LOOP_ANALYSIS = YES;
				CLANG_WARN_STRICT_PROTOTYPES = YES;
				CLANG_WARN_SUSPICIOUS_MOVE = YES;
				CLANG_WARN_UNGUARDED_AVAILABILITY = YES_AGGRESSIVE;
				CLANG_WARN_UNREACHABLE_CODE = YES;
				CLANG_WARN__DUPLICATE_METHOD_MATCH = YES;
				CODE_SIGN_IDENTITY = "iPhone Developer";
				COPY_PHASE_STRIP = NO;
				DEBUG_INFORMATION_FORMAT = dwarf;
				ENABLE_STRICT_OBJC_MSGSEND = YES;
				ENABLE_TESTABILITY = YES;
				GCC_C_LANGUAGE_STANDARD = gnu11;
				GCC_DYNAMIC_NO_PIC = NO;
				GCC_NO_COMMON_BLOCKS = YES;
				GCC_OPTIMIZATION_LEVEL = 0;
				GCC_PREPROCESSOR_DEFINITIONS = (
					"DEBUG=1",
					"$(inherited)",
				);
				GCC_WARN_64_TO_32_BIT_CONVERSION = YES;
				GCC_WARN_ABOUT_RETURN_TYPE = YES_ERROR;
				GCC_WARN_UNDECLARED_SELECTOR = YES;
				GCC_WARN_UNINITIALIZED_AUTOS = YES_AGGRESSIVE;
				GCC_WARN_UNUSED_FUNCTION = YES;
				GCC_WARN_UNUSED_VARIABLE = YES;
				IPHONEOS_DEPLOYMENT_TARGET = 11.2;
				MTL_ENABLE_DEBUG_INFO = YES;
				ONLY_ACTIVE_ARCH = YES;
				SDKROOT = iphoneos;
				SWIFT_ACTIVE_COMPILATION_CONDITIONS = DEBUG;
				SWIFT_OPTIMIZATION_LEVEL = "-Onone";
			};
			name = Debug;
		};
		5A361AB02063B8AE006834ED /* Release */ = {
			isa = XCBuildConfiguration;
			buildSettings = {
				ALWAYS_SEARCH_USER_PATHS = NO;
				CLANG_ANALYZER_NONNULL = YES;
				CLANG_ANALYZER_NUMBER_OBJECT_CONVERSION = YES_AGGRESSIVE;
				CLANG_CXX_LANGUAGE_STANDARD = "gnu++14";
				CLANG_CXX_LIBRARY = "libc++";
				CLANG_ENABLE_MODULES = YES;
				CLANG_ENABLE_OBJC_ARC = YES;
				CLANG_WARN_BLOCK_CAPTURE_AUTORELEASING = YES;
				CLANG_WARN_BOOL_CONVERSION = YES;
				CLANG_WARN_COMMA = YES;
				CLANG_WARN_CONSTANT_CONVERSION = YES;
				CLANG_WARN_DIRECT_OBJC_ISA_USAGE = YES_ERROR;
				CLANG_WARN_DOCUMENTATION_COMMENTS = YES;
				CLANG_WARN_EMPTY_BODY = YES;
				CLANG_WARN_ENUM_CONVERSION = YES;
				CLANG_WARN_INFINITE_RECURSION = YES;
				CLANG_WARN_INT_CONVERSION = YES;
				CLANG_WARN_NON_LITERAL_NULL_CONVERSION = YES;
				CLANG_WARN_OBJC_LITERAL_CONVERSION = YES;
				CLANG_WARN_OBJC_ROOT_CLASS = YES_ERROR;
				CLANG_WARN_RANGE_LOOP_ANALYSIS = YES;
				CLANG_WARN_STRICT_PROTOTYPES = YES;
				CLANG_WARN_SUSPICIOUS_MOVE = YES;
				CLANG_WARN_UNGUARDED_AVAILABILITY = YES_AGGRESSIVE;
				CLANG_WARN_UNREACHABLE_CODE = YES;
				CLANG_WARN__DUPLICATE_METHOD_MATCH = YES;
				CODE_SIGN_IDENTITY = "iPhone Developer";
				COPY_PHASE_STRIP = NO;
				DEBUG_INFORMATION_FORMAT = "dwarf-with-dsym";
				ENABLE_NS_ASSERTIONS = NO;
				ENABLE_STRICT_OBJC_MSGSEND = YES;
				GCC_C_LANGUAGE_STANDARD = gnu11;
				GCC_NO_COMMON_BLOCKS = YES;
				GCC_WARN_64_TO_32_BIT_CONVERSION = YES;
				GCC_WARN_ABOUT_RETURN_TYPE = YES_ERROR;
				GCC_WARN_UNDECLARED_SELECTOR = YES;
				GCC_WARN_UNINITIALIZED_AUTOS = YES_AGGRESSIVE;
				GCC_WARN_UNUSED_FUNCTION = YES;
				GCC_WARN_UNUSED_VARIABLE = YES;
				IPHONEOS_DEPLOYMENT_TARGET = 11.2;
				MTL_ENABLE_DEBUG_INFO = NO;
				SDKROOT = iphoneos;
				SWIFT_OPTIMIZATION_LEVEL = "-Owholemodule";
				VALIDATE_PRODUCT = YES;
			};
			name = Release;
		};
		5A361AB22063B8AE006834ED /* Debug */ = {
			isa = XCBuildConfiguration;
			buildSettings = {
				ASSETCATALOG_COMPILER_APPICON_NAME = AppIcon;
				CODE_SIGN_STYLE = Automatic;
				DEVELOPMENT_TEAM = BB698X697F;
				INFOPLIST_FILE = WeatherAppTest/Info.plist;
				LD_RUNPATH_SEARCH_PATHS = "$(inherited) @executable_path/Frameworks";
				PRODUCT_BUNDLE_IDENTIFIER = com.stepanchegrenev.WeatherAppTest;
				PRODUCT_NAME = "$(TARGET_NAME)";
				SWIFT_VERSION = 4.0;
				TARGETED_DEVICE_FAMILY = "1,2";
			};
			name = Debug;
		};
		5A361AB32063B8AE006834ED /* Release */ = {
			isa = XCBuildConfiguration;
			buildSettings = {
				ASSETCATALOG_COMPILER_APPICON_NAME = AppIcon;
				CODE_SIGN_STYLE = Automatic;
				DEVELOPMENT_TEAM = BB698X697F;
				INFOPLIST_FILE = WeatherAppTest/Info.plist;
				LD_RUNPATH_SEARCH_PATHS = "$(inherited) @executable_path/Frameworks";
				PRODUCT_BUNDLE_IDENTIFIER = com.stepanchegrenev.WeatherAppTest;
				PRODUCT_NAME = "$(TARGET_NAME)";
				SWIFT_VERSION = 4.0;
				TARGETED_DEVICE_FAMILY = "1,2";
			};
			name = Release;
		};
/* End XCBuildConfiguration section */

/* Begin XCConfigurationList section */
		5A361A972063B8AD006834ED /* Build configuration list for PBXProject "WeatherAppTest" */ = {
			isa = XCConfigurationList;
			buildConfigurations = (
				5A361AAF2063B8AE006834ED /* Debug */,
				5A361AB02063B8AE006834ED /* Release */,
			);
			defaultConfigurationIsVisible = 0;
			defaultConfigurationName = Release;
		};
		5A361AB12063B8AE006834ED /* Build configuration list for PBXNativeTarget "WeatherAppTest" */ = {
			isa = XCConfigurationList;
			buildConfigurations = (
				5A361AB22063B8AE006834ED /* Debug */,
				5A361AB32063B8AE006834ED /* Release */,
			);
			defaultConfigurationIsVisible = 0;
			defaultConfigurationName = Release;
		};
/* End XCConfigurationList section */

/* Begin XCVersionGroup section */
		5A361AA62063B8AE006834ED /* WeatherAppTest.xcdatamodeld */ = {
			isa = XCVersionGroup;
			children = (
				5A361AA72063B8AE006834ED /* WeatherAppTest.xcdatamodel */,
			);
			currentVersion = 5A361AA72063B8AE006834ED /* WeatherAppTest.xcdatamodel */;
			path = WeatherAppTest.xcdatamodeld;
			sourceTree = "<group>";
			versionGroupType = wrapper.xcdatamodel;
		};
/* End XCVersionGroup section */
	};
	rootObject = 5A361A942063B8AD006834ED /* Project object */;
}
